// !$*UTF8*$!
{
	archiveVersion = 1;
	classes = {
	};
	objectVersion = 56;
	objects = {

/* Begin PBXBuildFile section */
		5E6A6AD229E8396400E0FB38 /* ToDooApp.swift in Sources */ = {isa = PBXBuildFile; fileRef = 5E6A6AD129E8396400E0FB38 /* ToDooApp.swift */; };
		5E6A6AD629E8396500E0FB38 /* Assets.xcassets in Resources */ = {isa = PBXBuildFile; fileRef = 5E6A6AD529E8396500E0FB38 /* Assets.xcassets */; };
		5E6A6AD929E8396500E0FB38 /* Preview Assets.xcassets in Resources */ = {isa = PBXBuildFile; fileRef = 5E6A6AD829E8396500E0FB38 /* Preview Assets.xcassets */; };
		5E6A6AE129E83A0600E0FB38 /* ItemModel.swift in Sources */ = {isa = PBXBuildFile; fileRef = 5E6A6AE029E83A0600E0FB38 /* ItemModel.swift */; };
		5E6A6AE429E83CE600E0FB38 /* TodoViewModel.swift in Sources */ = {isa = PBXBuildFile; fileRef = 5E6A6AE329E83CE600E0FB38 /* TodoViewModel.swift */; };
		5E6A6AE729E8437C00E0FB38 /* EmptyListView.swift in Sources */ = {isa = PBXBuildFile; fileRef = 5E6A6AE629E8437C00E0FB38 /* EmptyListView.swift */; };
		5E6A6AE929E8470A00E0FB38 /* AddTodoView.swift in Sources */ = {isa = PBXBuildFile; fileRef = 5E6A6AE829E8470A00E0FB38 /* AddTodoView.swift */; };
		5E6A6AEB29E84A3F00E0FB38 /* ContentView.swift in Sources */ = {isa = PBXBuildFile; fileRef = 5E6A6AEA29E84A3F00E0FB38 /* ContentView.swift */; };
		5E6A6AED29E8511C00E0FB38 /* TodoItemView.swift in Sources */ = {isa = PBXBuildFile; fileRef = 5E6A6AEC29E8511C00E0FB38 /* TodoItemView.swift */; };
		5E6A6AF029E852CC00E0FB38 /* TodoListView.swift in Sources */ = {isa = PBXBuildFile; fileRef = 5E6A6AEF29E852CC00E0FB38 /* TodoListView.swift */; };
		5E6A6AF229E91C7C00E0FB38 /* FloatingActionButton.swift in Sources */ = {isa = PBXBuildFile; fileRef = 5E6A6AF129E91C7C00E0FB38 /* FloatingActionButton.swift */; };
/* End PBXBuildFile section */

/* Begin PBXFileReference section */
		5E6A6ACE29E8396400E0FB38 /* ToDoo.app */ = {isa = PBXFileReference; explicitFileType = wrapper.application; includeInIndex = 0; path = ToDoo.app; sourceTree = BUILT_PRODUCTS_DIR; };
		5E6A6AD129E8396400E0FB38 /* ToDooApp.swift */ = {isa = PBXFileReference; lastKnownFileType = sourcecode.swift; path = ToDooApp.swift; sourceTree = "<group>"; };
		5E6A6AD529E8396500E0FB38 /* Assets.xcassets */ = {isa = PBXFileReference; lastKnownFileType = folder.assetcatalog; path = Assets.xcassets; sourceTree = "<group>"; };
		5E6A6AD829E8396500E0FB38 /* Preview Assets.xcassets */ = {isa = PBXFileReference; lastKnownFileType = folder.assetcatalog; path = "Preview Assets.xcassets"; sourceTree = "<group>"; };
		5E6A6AE029E83A0600E0FB38 /* ItemModel.swift */ = {isa = PBXFileReference; lastKnownFileType = sourcecode.swift; path = ItemModel.swift; sourceTree = "<group>"; };
		5E6A6AE329E83CE600E0FB38 /* TodoViewModel.swift */ = {isa = PBXFileReference; lastKnownFileType = sourcecode.swift; path = TodoViewModel.swift; sourceTree = "<group>"; };
		5E6A6AE629E8437C00E0FB38 /* EmptyListView.swift */ = {isa = PBXFileReference; lastKnownFileType = sourcecode.swift; path = EmptyListView.swift; sourceTree = "<group>"; };
		5E6A6AE829E8470A00E0FB38 /* AddTodoView.swift */ = {isa = PBXFileReference; lastKnownFileType = sourcecode.swift; path = AddTodoView.swift; sourceTree = "<group>"; };
		5E6A6AEA29E84A3F00E0FB38 /* ContentView.swift */ = {isa = PBXFileReference; lastKnownFileType = sourcecode.swift; path = ContentView.swift; sourceTree = "<group>"; };
		5E6A6AEC29E8511C00E0FB38 /* TodoItemView.swift */ = {isa = PBXFileReference; lastKnownFileType = sourcecode.swift; path = TodoItemView.swift; sourceTree = "<group>"; };
		5E6A6AEF29E852CC00E0FB38 /* TodoListView.swift */ = {isa = PBXFileReference; lastKnownFileType = sourcecode.swift; path = TodoListView.swift; sourceTree = "<group>"; };
		5E6A6AF129E91C7C00E0FB38 /* FloatingActionButton.swift */ = {isa = PBXFileReference; lastKnownFileType = sourcecode.swift; path = FloatingActionButton.swift; sourceTree = "<group>"; };
/* End PBXFileReference section */

/* Begin PBXFrameworksBuildPhase section */
		5E6A6ACB29E8396400E0FB38 /* Frameworks */ = {
			isa = PBXFrameworksBuildPhase;
			buildActionMask = 2147483647;
			files = (
			);
			runOnlyForDeploymentPostprocessing = 0;
		};
/* End PBXFrameworksBuildPhase section */

/* Begin PBXGroup section */
		5E6A6AC529E8396400E0FB38 = {
			isa = PBXGroup;
			children = (
				5E6A6AD029E8396400E0FB38 /* ToDoo */,
				5E6A6ACF29E8396400E0FB38 /* Products */,
			);
			sourceTree = "<group>";
		};
		5E6A6ACF29E8396400E0FB38 /* Products */ = {
			isa = PBXGroup;
			children = (
				5E6A6ACE29E8396400E0FB38 /* ToDoo.app */,
			);
			name = Products;
			sourceTree = "<group>";
		};
		5E6A6AD029E8396400E0FB38 /* ToDoo */ = {
			isa = PBXGroup;
			children = (
				5E6A6AE529E8435C00E0FB38 /* Views */,
				5E6A6AE229E83CC900E0FB38 /* ViewModels */,
				5E6A6ADF29E839E700E0FB38 /* Models */,
				5E6A6AD129E8396400E0FB38 /* ToDooApp.swift */,
				5E6A6AD529E8396500E0FB38 /* Assets.xcassets */,
				5E6A6AD729E8396500E0FB38 /* Preview Content */,
			);
			path = ToDoo;
			sourceTree = "<group>";
		};
		5E6A6AD729E8396500E0FB38 /* Preview Content */ = {
			isa = PBXGroup;
			children = (
				5E6A6AD829E8396500E0FB38 /* Preview Assets.xcassets */,
			);
			path = "Preview Content";
			sourceTree = "<group>";
		};
		5E6A6ADF29E839E700E0FB38 /* Models */ = {
			isa = PBXGroup;
			children = (
				5E6A6AE029E83A0600E0FB38 /* ItemModel.swift */,
			);
			path = Models;
			sourceTree = "<group>";
		};
		5E6A6AE229E83CC900E0FB38 /* ViewModels */ = {
			isa = PBXGroup;
			children = (
				5E6A6AE329E83CE600E0FB38 /* TodoViewModel.swift */,
			);
			path = ViewModels;
			sourceTree = "<group>";
		};
		5E6A6AE529E8435C00E0FB38 /* Views */ = {
			isa = PBXGroup;
			children = (
				5E6A6AE629E8437C00E0FB38 /* EmptyListView.swift */,
				5E6A6AE829E8470A00E0FB38 /* AddTodoView.swift */,
				5E6A6AEA29E84A3F00E0FB38 /* ContentView.swift */,
				5E6A6AEC29E8511C00E0FB38 /* TodoItemView.swift */,
				5E6A6AEF29E852CC00E0FB38 /* TodoListView.swift */,
				5E6A6AF129E91C7C00E0FB38 /* FloatingActionButton.swift */,
			);
			path = Views;
			sourceTree = "<group>";
		};
/* End PBXGroup section */

/* Begin PBXNativeTarget section */
		5E6A6ACD29E8396400E0FB38 /* ToDoo */ = {
			isa = PBXNativeTarget;
			buildConfigurationList = 5E6A6ADC29E8396500E0FB38 /* Build configuration list for PBXNativeTarget "ToDoo" */;
			buildPhases = (
				5E6A6ACA29E8396400E0FB38 /* Sources */,
				5E6A6ACB29E8396400E0FB38 /* Frameworks */,
				5E6A6ACC29E8396400E0FB38 /* Resources */,
			);
			buildRules = (
			);
			dependencies = (
			);
			name = ToDoo;
			productName = ToDoo;
			productReference = 5E6A6ACE29E8396400E0FB38 /* ToDoo.app */;
			productType = "com.apple.product-type.application";
		};
/* End PBXNativeTarget section */

/* Begin PBXProject section */
		5E6A6AC629E8396400E0FB38 /* Project object */ = {
			isa = PBXProject;
			attributes = {
				BuildIndependentTargetsInParallel = 1;
				LastSwiftUpdateCheck = 1400;
				LastUpgradeCheck = 1400;
				TargetAttributes = {
					5E6A6ACD29E8396400E0FB38 = {
						CreatedOnToolsVersion = 14.0.1;
					};
				};
			};
			buildConfigurationList = 5E6A6AC929E8396400E0FB38 /* Build configuration list for PBXProject "ToDoo" */;
			compatibilityVersion = "Xcode 14.0";
			developmentRegion = en;
			hasScannedForEncodings = 0;
			knownRegions = (
				en,
				Base,
			);
			mainGroup = 5E6A6AC529E8396400E0FB38;
			productRefGroup = 5E6A6ACF29E8396400E0FB38 /* Products */;
			projectDirPath = "";
			projectRoot = "";
			targets = (
				5E6A6ACD29E8396400E0FB38 /* ToDoo */,
			);
		};
/* End PBXProject section */

/* Begin PBXResourcesBuildPhase section */
		5E6A6ACC29E8396400E0FB38 /* Resources */ = {
			isa = PBXResourcesBuildPhase;
			buildActionMask = 2147483647;
			files = (
				5E6A6AD929E8396500E0FB38 /* Preview Assets.xcassets in Resources */,
				5E6A6AD629E8396500E0FB38 /* Assets.xcassets in Resources */,
			);
			runOnlyForDeploymentPostprocessing = 0;
		};
/* End PBXResourcesBuildPhase section */

/* Begin PBXSourcesBuildPhase section */
		5E6A6ACA29E8396400E0FB38 /* Sources */ = {
			isa = PBXSourcesBuildPhase;
			buildActionMask = 2147483647;
			files = (
				5E6A6AE429E83CE600E0FB38 /* TodoViewModel.swift in Sources */,
				5E6A6AE129E83A0600E0FB38 /* ItemModel.swift in Sources */,
				5E6A6AF029E852CC00E0FB38 /* TodoListView.swift in Sources */,
				5E6A6AEB29E84A3F00E0FB38 /* ContentView.swift in Sources */,
				5E6A6AE929E8470A00E0FB38 /* AddTodoView.swift in Sources */,
				5E6A6AD229E8396400E0FB38 /* ToDooApp.swift in Sources */,
				5E6A6AED29E8511C00E0FB38 /* TodoItemView.swift in Sources */,
				5E6A6AF229E91C7C00E0FB38 /* FloatingActionButton.swift in Sources */,
				5E6A6AE729E8437C00E0FB38 /* EmptyListView.swift in Sources */,
			);
			runOnlyForDeploymentPostprocessing = 0;
		};
/* End PBXSourcesBuildPhase section */

/* Begin XCBuildConfiguration section */
		5E6A6ADA29E8396500E0FB38 /* Debug */ = {
			isa = XCBuildConfiguration;
			buildSettings = {
				ALWAYS_SEARCH_USER_PATHS = NO;
				CLANG_ANALYZER_NONNULL = YES;
				CLANG_ANALYZER_NUMBER_OBJECT_CONVERSION = YES_AGGRESSIVE;
				CLANG_CXX_LANGUAGE_STANDARD = "gnu++20";
				CLANG_ENABLE_MODULES = YES;
				CLANG_ENABLE_OBJC_ARC = YES;
				CLANG_ENABLE_OBJC_WEAK = YES;
				CLANG_WARN_BLOCK_CAPTURE_AUTORELEASING = YES;
				CLANG_WARN_BOOL_CONVERSION = YES;
				CLANG_WARN_COMMA = YES;
				CLANG_WARN_CONSTANT_CONVERSION = YES;
				CLANG_WARN_DEPRECATED_OBJC_IMPLEMENTATIONS = YES;
				CLANG_WARN_DIRECT_OBJC_ISA_USAGE = YES_ERROR;
				CLANG_WARN_DOCUMENTATION_COMMENTS = YES;
				CLANG_WARN_EMPTY_BODY = YES;
				CLANG_WARN_ENUM_CONVERSION = YES;
				CLANG_WARN_INFINITE_RECURSION = YES;
				CLANG_WARN_INT_CONVERSION = YES;
				CLANG_WARN_NON_LITERAL_NULL_CONVERSION = YES;
				CLANG_WARN_OBJC_IMPLICIT_RETAIN_SELF = YES;
				CLANG_WARN_OBJC_LITERAL_CONVERSION = YES;
				CLANG_WARN_OBJC_ROOT_CLASS = YES_ERROR;
				CLANG_WARN_QUOTED_INCLUDE_IN_FRAMEWORK_HEADER = YES;
				CLANG_WARN_RANGE_LOOP_ANALYSIS = YES;
				CLANG_WARN_STRICT_PROTOTYPES = YES;
				CLANG_WARN_SUSPICIOUS_MOVE = YES;
				CLANG_WARN_UNGUARDED_AVAILABILITY = YES_AGGRESSIVE;
				CLANG_WARN_UNREACHABLE_CODE = YES;
				CLANG_WARN__DUPLICATE_METHOD_MATCH = YES;
				COPY_PHASE_STRIP = NO;
				DEBUG_INFORMATION_FORMAT = dwarf;
				ENABLE_STRICT_OBJC_MSGSEND = YES;
				ENABLE_TESTABILITY = YES;
				GCC_C_LANGUAGE_STANDARD = gnu11;
				GCC_DYNAMIC_NO_PIC = NO;
				GCC_NO_COMMON_BLOCKS = YES;
				GCC_OPTIMIZATION_LEVEL = 0;
				GCC_PREPROCESSOR_DEFINITIONS = (
					"DEBUG=1",
					"$(inherited)",
				);
				GCC_WARN_64_TO_32_BIT_CONVERSION = YES;
				GCC_WARN_ABOUT_RETURN_TYPE = YES_ERROR;
				GCC_WARN_UNDECLARED_SELECTOR = YES;
				GCC_WARN_UNINITIALIZED_AUTOS = YES_AGGRESSIVE;
				GCC_WARN_UNUSED_FUNCTION = YES;
				GCC_WARN_UNUSED_VARIABLE = YES;
				IPHONEOS_DEPLOYMENT_TARGET = 16.0;
				MTL_ENABLE_DEBUG_INFO = INCLUDE_SOURCE;
				MTL_FAST_MATH = YES;
				ONLY_ACTIVE_ARCH = YES;
				SDKROOT = iphoneos;
				SWIFT_ACTIVE_COMPILATION_CONDITIONS = DEBUG;
				SWIFT_OPTIMIZATION_LEVEL = "-Onone";
			};
			name = Debug;
		};
		5E6A6ADB29E8396500E0FB38 /* Release */ = {
			isa = XCBuildConfiguration;
			buildSettings = {
				ALWAYS_SEARCH_USER_PATHS = NO;
				CLANG_ANALYZER_NONNULL = YES;
				CLANG_ANALYZER_NUMBER_OBJECT_CONVERSION = YES_AGGRESSIVE;
				CLANG_CXX_LANGUAGE_STANDARD = "gnu++20";
				CLANG_ENABLE_MODULES = YES;
				CLANG_ENABLE_OBJC_ARC = YES;
				CLANG_ENABLE_OBJC_WEAK = YES;
				CLANG_WARN_BLOCK_CAPTURE_AUTORELEASING = YES;
				CLANG_WARN_BOOL_CONVERSION = YES;
				CLANG_WARN_COMMA = YES;
				CLANG_WARN_CONSTANT_CONVERSION = YES;
				CLANG_WARN_DEPRECATED_OBJC_IMPLEMENTATIONS = YES;
				CLANG_WARN_DIRECT_OBJC_ISA_USAGE = YES_ERROR;
				CLANG_WARN_DOCUMENTATION_COMMENTS = YES;
				CLANG_WARN_EMPTY_BODY = YES;
				CLANG_WARN_ENUM_CONVERSION = YES;
				CLANG_WARN_INFINITE_RECURSION = YES;
				CLANG_WARN_INT_CONVERSION = YES;
				CLANG_WARN_NON_LITERAL_NULL_CONVERSION = YES;
				CLANG_WARN_OBJC_IMPLICIT_RETAIN_SELF = YES;
				CLANG_WARN_OBJC_LITERAL_CONVERSION = YES;
				CLANG_WARN_OBJC_ROOT_CLASS = YES_ERROR;
				CLANG_WARN_QUOTED_INCLUDE_IN_FRAMEWORK_HEADER = YES;
				CLANG_WARN_RANGE_LOOP_ANALYSIS = YES;
				CLANG_WARN_STRICT_PROTOTYPES = YES;
				CLANG_WARN_SUSPICIOUS_MOVE = YES;
				CLANG_WARN_UNGUARDED_AVAILABILITY = YES_AGGRESSIVE;
				CLANG_WARN_UNREACHABLE_CODE = YES;
				CLANG_WARN__DUPLICATE_METHOD_MATCH = YES;
				COPY_PHASE_STRIP = NO;
				DEBUG_INFORMATION_FORMAT = "dwarf-with-dsym";
				ENABLE_NS_ASSERTIONS = NO;
				ENABLE_STRICT_OBJC_MSGSEND = YES;
				GCC_C_LANGUAGE_STANDARD = gnu11;
				GCC_NO_COMMON_BLOCKS = YES;
				GCC_WARN_64_TO_32_BIT_CONVERSION = YES;
				GCC_WARN_ABOUT_RETURN_TYPE = YES_ERROR;
				GCC_WARN_UNDECLARED_SELECTOR = YES;
				GCC_WARN_UNINITIALIZED_AUTOS = YES_AGGRESSIVE;
				GCC_WARN_UNUSED_FUNCTION = YES;
				GCC_WARN_UNUSED_VARIABLE = YES;
				IPHONEOS_DEPLOYMENT_TARGET = 16.0;
				MTL_ENABLE_DEBUG_INFO = NO;
				MTL_FAST_MATH = YES;
				SDKROOT = iphoneos;
				SWIFT_COMPILATION_MODE = wholemodule;
				SWIFT_OPTIMIZATION_LEVEL = "-O";
				VALIDATE_PRODUCT = YES;
			};
			name = Release;
		};
		5E6A6ADD29E8396500E0FB38 /* Debug */ = {
			isa = XCBuildConfiguration;
			buildSettings = {
				ASSETCATALOG_COMPILER_APPICON_NAME = AppIcon;
				ASSETCATALOG_COMPILER_GLOBAL_ACCENT_COLOR_NAME = AccentColor;
				CODE_SIGN_STYLE = Automatic;
				CURRENT_PROJECT_VERSION = 1;
				DEVELOPMENT_ASSET_PATHS = "\"ToDoo/Preview Content\"";
				DEVELOPMENT_TEAM = DM9ZJ89CX6;
				ENABLE_PREVIEWS = YES;
				GENERATE_INFOPLIST_FILE = YES;
				INFOPLIST_KEY_UIApplicationSceneManifest_Generation = YES;
				INFOPLIST_KEY_UIApplicationSupportsIndirectInputEvents = YES;
				INFOPLIST_KEY_UILaunchScreen_Generation = YES;
				INFOPLIST_KEY_UISupportedInterfaceOrientations_iPad = "UIInterfaceOrientationPortrait UIInterfaceOrientationPortraitUpsideDown UIInterfaceOrientationLandscapeLeft UIInterfaceOrientationLandscapeRight";
				INFOPLIST_KEY_UISupportedInterfaceOrientations_iPhone = "UIInterfaceOrientationPortrait UIInterfaceOrientationLandscapeLeft UIInterfaceOrientationLandscapeRight";
				LD_RUNPATH_SEARCH_PATHS = (
					"$(inherited)",
					"@executable_path/Frameworks",
				);
				MARKETING_VERSION = 1.0;
				PRODUCT_BUNDLE_IDENTIFIER = tech.heycode.ToDoo;
				PRODUCT_NAME = "$(TARGET_NAME)";
				SWIFT_EMIT_LOC_STRINGS = YES;
				SWIFT_VERSION = 5.0;
				TARGETED_DEVICE_FAMILY = "1,2";
			};
			name = Debug;
		};
		5E6A6ADE29E8396500E0FB38 /* Release */ = {
			isa = XCBuildConfiguration;
			buildSettings = {
				ASSETCATALOG_COMPILER_APPICON_NAME = AppIcon;
				ASSETCATALOG_COMPILER_GLOBAL_ACCENT_COLOR_NAME = AccentColor;
				CODE_SIGN_STYLE = Automatic;
				CURRENT_PROJECT_VERSION = 1;
				DEVELOPMENT_ASSET_PATHS = "\"ToDoo/Preview Content\"";
				DEVELOPMENT_TEAM = DM9ZJ89CX6;
				ENABLE_PREVIEWS = YES;
				GENERATE_INFOPLIST_FILE = YES;
				INFOPLIST_KEY_UIApplicationSceneManifest_Generation = YES;
				INFOPLIST_KEY_UIApplicationSupportsIndirectInputEvents = YES;
				INFOPLIST_KEY_UILaunchScreen_Generation = YES;
				INFOPLIST_KEY_UISupportedInterfaceOrientations_iPad = "UIInterfaceOrientationPortrait UIInterfaceOrientationPortraitUpsideDown UIInterfaceOrientationLandscapeLeft UIInterfaceOrientationLandscapeRight";
				INFOPLIST_KEY_UISupportedInterfaceOrientations_iPhone = "UIInterfaceOrientationPortrait UIInterfaceOrientationLandscapeLeft UIInterfaceOrientationLandscapeRight";
				LD_RUNPATH_SEARCH_PATHS = (
					"$(inherited)",
					"@executable_path/Frameworks",
				);
				MARKETING_VERSION = 1.0;
				PRODUCT_BUNDLE_IDENTIFIER = tech.heycode.ToDoo;
				PRODUCT_NAME = "$(TARGET_NAME)";
				SWIFT_EMIT_LOC_STRINGS = YES;
				SWIFT_VERSION = 5.0;
				TARGETED_DEVICE_FAMILY = "1,2";
			};
			name = Release;
		};
/* End XCBuildConfiguration section */

/* Begin XCConfigurationList section */
		5E6A6AC929E8396400E0FB38 /* Build configuration list for PBXProject "ToDoo" */ = {
			isa = XCConfigurationList;
			buildConfigurations = (
				5E6A6ADA29E8396500E0FB38 /* Debug */,
				5E6A6ADB29E8396500E0FB38 /* Release */,
			);
			defaultConfigurationIsVisible = 0;
			defaultConfigurationName = Release;
		};
		5E6A6ADC29E8396500E0FB38 /* Build configuration list for PBXNativeTarget "ToDoo" */ = {
			isa = XCConfigurationList;
			buildConfigurations = (
				5E6A6ADD29E8396500E0FB38 /* Debug */,
				5E6A6ADE29E8396500E0FB38 /* Release */,
			);
			defaultConfigurationIsVisible = 0;
			defaultConfigurationName = Release;
		};
/* End XCConfigurationList section */
	};
	rootObject = 5E6A6AC629E8396400E0FB38 /* Project object */;
}
